
Microsoft Visual Studio Solution File, Format Version 12.00
Project("{FAE04EC0-301F-11D3-BF4B-00C04F79EFBC}") = "USMCovert", "USMCovert.csproj", "{DD7A72E3-AA39-419A-9BB6-90416F6A9264}"
EndProject
Global
	GlobalSection(SolutionConfigurationPlatforms) = preSolution
		Debug|Any CPU = Debug|Any CPU
		Release|Any CPU = Release|Any CPU
	EndGlobalSection
	GlobalSection(ProjectConfigurationPlatforms) = postSolution
		{DD7A72E3-AA39-419A-9BB6-90416F6A9264}.Debug|Any CPU.ActiveCfg = Debug|Any CPU
		{DD7A72E3-AA39-419A-9BB6-90416F6A9264}.Debug|Any CPU.Build.0 = Debug|Any CPU
		{DD7A72E3-AA39-419A-9BB6-90416F6A9264}.Release|Any CPU.ActiveCfg = Release|Any CPU
		{DD7A72E3-AA39-419A-9BB6-90416F6A9264}.Release|Any CPU.Build.0 = Release|Any CPU
	EndGlobalSection
EndGlobal
